
Microsoft Visual Studio Solution File, Format Version 12.00
# Visual Studio 15
VisualStudioVersion = 15.0.28307.1972
MinimumVisualStudioVersion = 10.0.40219.1
Project("{FAE04EC0-301F-11D3-BF4B-00C04F79EFBC}") = "App.TP4.UI", "App.TP4.UI\App.TP4.UI.csproj", "{C4726147-209C-4E0A-8F25-FDEE1E15B6E8}"
EndProject
Project("{FAE04EC0-301F-11D3-BF4B-00C04F79EFBC}") = "App.TP4.Data", "App.TP4.Data\App.TP4.Data.csproj", "{8296DFDA-614F-4DA8-A862-447CC075D590}"
EndProject
Project("{FAE04EC0-301F-11D3-BF4B-00C04F79EFBC}") = "App.TP4.Entities", "App.TP4.Entities\App.TP4.Entities.csproj", "{83C554A3-329C-49E2-9D5D-4666ED244C4D}"
EndProject
Project("{FAE04EC0-301F-11D3-BF4B-00C04F79EFBC}") = "App.TP4.Logic", "App.TP4.Logic\App.TP4.Logic.csproj", "{8DED25F8-434D-4523-8B57-A2AB07D79F6E}"
EndProject
Global
	GlobalSection(SolutionConfigurationPlatforms) = preSolution
		Debug|Any CPU = Debug|Any CPU
		Release|Any CPU = Release|Any CPU
	EndGlobalSection
	GlobalSection(ProjectConfigurationPlatforms) = postSolution
		{C4726147-209C-4E0A-8F25-FDEE1E15B6E8}.Debug|Any CPU.ActiveCfg = Debug|Any CPU
		{C4726147-209C-4E0A-8F25-FDEE1E15B6E8}.Debug|Any CPU.Build.0 = Debug|Any CPU
		{C4726147-209C-4E0A-8F25-FDEE1E15B6E8}.Release|Any CPU.ActiveCfg = Release|Any CPU
		{C4726147-209C-4E0A-8F25-FDEE1E15B6E8}.Release|Any CPU.Build.0 = Release|Any CPU
		{8296DFDA-614F-4DA8-A862-447CC075D590}.Debug|Any CPU.ActiveCfg = Debug|Any CPU
		{8296DFDA-614F-4DA8-A862-447CC075D590}.Debug|Any CPU.Build.0 = Debug|Any CPU
		{8296DFDA-614F-4DA8-A862-447CC075D590}.Release|Any CPU.ActiveCfg = Release|Any CPU
		{8296DFDA-614F-4DA8-A862-447CC075D590}.Release|Any CPU.Build.0 = Release|Any CPU
		{83C554A3-329C-49E2-9D5D-4666ED244C4D}.Debug|Any CPU.ActiveCfg = Debug|Any CPU
		{83C554A3-329C-49E2-9D5D-4666ED244C4D}.Debug|Any CPU.Build.0 = Debug|Any CPU
		{83C554A3-329C-49E2-9D5D-4666ED244C4D}.Release|Any CPU.ActiveCfg = Release|Any CPU
		{83C554A3-329C-49E2-9D5D-4666ED244C4D}.Release|Any CPU.Build.0 = Release|Any CPU
		{8DED25F8-434D-4523-8B57-A2AB07D79F6E}.Debug|Any CPU.ActiveCfg = Debug|Any CPU
		{8DED25F8-434D-4523-8B57-A2AB07D79F6E}.Debug|Any CPU.Build.0 = Debug|Any CPU
		{8DED25F8-434D-4523-8B57-A2AB07D79F6E}.Release|Any CPU.ActiveCfg = Release|Any CPU
		{8DED25F8-434D-4523-8B57-A2AB07D79F6E}.Release|Any CPU.Build.0 = Release|Any CPU
	EndGlobalSection
	GlobalSection(SolutionProperties) = preSolution
		HideSolutionNode = FALSE
	EndGlobalSection
	GlobalSection(ExtensibilityGlobals) = postSolution
		SolutionGuid = {844AAC73-19A2-40E9-8C73-14437261AC02}
	EndGlobalSection
EndGlobal
