
Microsoft Visual Studio Solution File, Format Version 12.00
# Visual Studio 15
VisualStudioVersion = 15.0.28307.1972
MinimumVisualStudioVersion = 10.0.40219.1
Project("{FAE04EC0-301F-11D3-BF4B-00C04F79EFBC}") = "PracticaTP2.Presentacion", "PracticaTP2.Presentacion\PracticaTP2.Presentacion.csproj", "{82D285AD-0CB1-4825-91BF-C331B6A801EB}"
EndProject
Project("{FAE04EC0-301F-11D3-BF4B-00C04F79EFBC}") = "Practica_TP2.Entidades", "Practica_TP2.Entidades\Practica_TP2.Entidades.csproj", "{4E1E96CA-12F2-414A-8CA5-1F5656F1D10C}"
EndProject
Global
	GlobalSection(SolutionConfigurationPlatforms) = preSolution
		Debug|Any CPU = Debug|Any CPU
		Release|Any CPU = Release|Any CPU
	EndGlobalSection
	GlobalSection(ProjectConfigurationPlatforms) = postSolution
		{82D285AD-0CB1-4825-91BF-C331B6A801EB}.Debug|Any CPU.ActiveCfg = Debug|Any CPU
		{82D285AD-0CB1-4825-91BF-C331B6A801EB}.Debug|Any CPU.Build.0 = Debug|Any CPU
		{82D285AD-0CB1-4825-91BF-C331B6A801EB}.Release|Any CPU.ActiveCfg = Release|Any CPU
		{82D285AD-0CB1-4825-91BF-C331B6A801EB}.Release|Any CPU.Build.0 = Release|Any CPU
		{4E1E96CA-12F2-414A-8CA5-1F5656F1D10C}.Debug|Any CPU.ActiveCfg = Debug|Any CPU
		{4E1E96CA-12F2-414A-8CA5-1F5656F1D10C}.Debug|Any CPU.Build.0 = Debug|Any CPU
		{4E1E96CA-12F2-414A-8CA5-1F5656F1D10C}.Release|Any CPU.ActiveCfg = Release|Any CPU
		{4E1E96CA-12F2-414A-8CA5-1F5656F1D10C}.Release|Any CPU.Build.0 = Release|Any CPU
	EndGlobalSection
	GlobalSection(SolutionProperties) = preSolution
		HideSolutionNode = FALSE
	EndGlobalSection
	GlobalSection(ExtensibilityGlobals) = postSolution
		SolutionGuid = {35BF9BE6-B9F8-4E9C-AB1A-4C4F4CF0109B}
	EndGlobalSection
EndGlobal
